
Microsoft Visual Studio Solution File, Format Version 12.00
# Visual Studio Version 17
VisualStudioVersion = 17.4.33213.308
MinimumVisualStudioVersion = 10.0.40219.1
Project("{9A19103F-16F7-4668-BE54-9A1E7A4F7556}") = "PruductInventoryManagment", "WAD_Final_12435\PruductInventoryManagment.csproj", "{909B6388-BF20-477F-8A36-27236CBE4E61}"
EndProject
Global
	GlobalSection(SolutionConfigurationPlatforms) = preSolution
		Debug|Any CPU = Debug|Any CPU
		Release|Any CPU = Release|Any CPU
	EndGlobalSection
	GlobalSection(ProjectConfigurationPlatforms) = postSolution
		{909B6388-BF20-477F-8A36-27236CBE4E61}.Debug|Any CPU.ActiveCfg = Debug|Any CPU
		{909B6388-BF20-477F-8A36-27236CBE4E61}.Debug|Any CPU.Build.0 = Debug|Any CPU
		{909B6388-BF20-477F-8A36-27236CBE4E61}.Release|Any CPU.ActiveCfg = Release|Any CPU
		{909B6388-BF20-477F-8A36-27236CBE4E61}.Release|Any CPU.Build.0 = Release|Any CPU
	EndGlobalSection
	GlobalSection(SolutionProperties) = preSolution
		HideSolutionNode = FALSE
	EndGlobalSection
	GlobalSection(ExtensibilityGlobals) = postSolution
		SolutionGuid = {89251A85-5D1A-4A9D-BAA4-164F8190F3D0}
	EndGlobalSection
EndGlobal
